PODS:
  - MWFeedParser (1.0.1):
    - MWFeedParser/FeedParser (= 1.0.1)
    - MWFeedParser/NSDate+InternetDateTime (= 1.0.1)
    - MWFeedParser/NSString+HTML (= 1.0.1)
  - MWFeedParser/FeedParser (1.0.1):
    - MWFeedParser/NSDate+InternetDateTime
    - MWFeedParser/NSString+HTML
  - MWFeedParser/NSDate+InternetDateTime (1.0.1)
  - MWFeedParser/NSString+HTML (1.0.1)

DEPENDENCIES:
  - MWFeedParser (~> 1.0.1)

SPEC CHECKSUMS:
  MWFeedParser: 2cf646014c1baf6ad1b08c480b40a08180079247

PODFILE CHECKSUM: b3e8de5fb592a7ab7e12a80ad558553fa8ca3f7c

COCOAPODS: 1.2.0
